{
  "nodes": {
    "import-cargo": {
      "locked": {
        "lastModified": 1594305518,
        "narHash": "sha256-frtArgN42rSaEcEOYWg8sVPMUK+Zgch3c+wejcpX3DY=",
        "owner": "edolstra",
        "repo": "import-cargo",
        "rev": "25d40be4a73d40a2572e0cc233b83253554f06c5",
        "type": "github"
      },
      "original": {
        "owner": "edolstra",
        "repo": "import-cargo",
        "type": "github"
      }
    },
    "nixpkgs": {
      "locked": {
        "lastModified": 1631452463,
        "narHash": "sha256-/BMbXjACbkemEB0cULa4/DFNAHusavOzRJL/VX2FIuM=",
        "owner": "nixos",
        "repo": "nixpkgs",
        "rev": "e85f0175e3effe9ba191d66c09e8f1b7d6362d5e",
        "type": "github"
      },
      "original": {
        "owner": "nixos",
        "ref": "nixos-21.05",
        "repo": "nixpkgs",
        "type": "github"
      }
    },
    "root": {
      "inputs": {
        "import-cargo": "import-cargo",
        "nixpkgs": "nixpkgs",
        "sequoia-src": "sequoia-src"
      }
    },
    "sequoia-src": {
      "flake": false,
      "locked": {
        "lastModified": 1623164157,
        "narHash": "sha256-Ww2HKR9+A1K92XHHyVXtOsOxvIwEoBhFE9kknoNpaPc=",
        "owner": "sequoia-pgp",
        "repo": "openpgp-interoperability-test-suite",
        "rev": "74cbec55a8823073ebe4efbacd0a1993256c5c7e",
        "type": "gitlab"
      },
      "original": {
        "owner": "sequoia-pgp",
        "ref": "main",
        "repo": "openpgp-interoperability-test-suite",
        "type": "gitlab"
      }
    }
  },
  "root": "root",
  "version": 7
}
